
Microsoft Visual Studio Solution File, Format Version 12.00
# Visual Studio Version 17
VisualStudioVersion = 17.0.31903.59
MinimumVisualStudioVersion = 10.0.40219.1
Project("{FAE04EC0-301F-11D3-BF4B-00C04F79EFBC}") = "App", "App\App.csproj", "{091E8AD1-AEFB-43A0-A4C6-F33F1B441B04}"
EndProject
Project("{FAE04EC0-301F-11D3-BF4B-00C04F79EFBC}") = "Domein", "Domein\Domein.csproj", "{45E95811-1ADA-42B9-BCEB-26EEC2E0146D}"
EndProject
Project("{FAE04EC0-301F-11D3-BF4B-00C04F79EFBC}") = "Infrastructure", "Infrastructure\Infrastructure.csproj", "{F49B977D-691F-4932-9E65-9E6B42E8894F}"
EndProject
Global
	GlobalSection(SolutionConfigurationPlatforms) = preSolution
		Debug|Any CPU = Debug|Any CPU
		Release|Any CPU = Release|Any CPU
	EndGlobalSection
	GlobalSection(SolutionProperties) = preSolution
		HideSolutionNode = FALSE
	EndGlobalSection
	GlobalSection(ProjectConfigurationPlatforms) = postSolution
		{091E8AD1-AEFB-43A0-A4C6-F33F1B441B04}.Debug|Any CPU.ActiveCfg = Debug|Any CPU
		{091E8AD1-AEFB-43A0-A4C6-F33F1B441B04}.Debug|Any CPU.Build.0 = Debug|Any CPU
		{091E8AD1-AEFB-43A0-A4C6-F33F1B441B04}.Release|Any CPU.ActiveCfg = Release|Any CPU
		{091E8AD1-AEFB-43A0-A4C6-F33F1B441B04}.Release|Any CPU.Build.0 = Release|Any CPU
		{45E95811-1ADA-42B9-BCEB-26EEC2E0146D}.Debug|Any CPU.ActiveCfg = Debug|Any CPU
		{45E95811-1ADA-42B9-BCEB-26EEC2E0146D}.Debug|Any CPU.Build.0 = Debug|Any CPU
		{45E95811-1ADA-42B9-BCEB-26EEC2E0146D}.Release|Any CPU.ActiveCfg = Release|Any CPU
		{45E95811-1ADA-42B9-BCEB-26EEC2E0146D}.Release|Any CPU.Build.0 = Release|Any CPU
		{F49B977D-691F-4932-9E65-9E6B42E8894F}.Debug|Any CPU.ActiveCfg = Debug|Any CPU
		{F49B977D-691F-4932-9E65-9E6B42E8894F}.Debug|Any CPU.Build.0 = Debug|Any CPU
		{F49B977D-691F-4932-9E65-9E6B42E8894F}.Release|Any CPU.ActiveCfg = Release|Any CPU
		{F49B977D-691F-4932-9E65-9E6B42E8894F}.Release|Any CPU.Build.0 = Release|Any CPU
	EndGlobalSection
EndGlobal
